<?xml version="1.0" encoding="utf-8"?>
<Project ToolsVersion="4.0" xmlns="http://schemas.microsoft.com/developer/msbuild/2003">
  <ItemGroup>
    <Filter Include="Headers">
      <UniqueIdentifier>{93995380-89BD-4b04-88EB-625FBE52EBFB}</UniqueIdentifier>
      <Extensions>h;hh;hpp;hxx;hm;inl;inc;xsd</Extensions>
    </Filter>
    <Filter Include="Resources">
      <UniqueIdentifier>{67DA6AB6-F800-4c08-8B7A-83BB121AAD01}</UniqueIdentifier>
      <Extensions>qrc;rc;ico;cur;bmp;dlg;rc2;rct;bin;rgs;gif;jpg;jpeg;jpe;resx;tiff;tif;png;wav;mfcribbon-ms</Extensions>
    </Filter>
    <Filter Include="Sources">
      <UniqueIdentifier>{4FC737F1-C7A5-4376-A066-2A32D752A2FF}</UniqueIdentifier>
      <Extensions>qml;cpp;c;cc;cxx;def;odl;idl;hpj;bat;asm;asmx</Extensions>
    </Filter>
    <Filter Include="Forms">
      <UniqueIdentifier>{99349809-55BA-4b9d-BF79-8FDBB0286EB3}</UniqueIdentifier>
      <Extensions>ui</Extensions>
    </Filter>
    <Filter Include="Sources\math">
      <UniqueIdentifier>{7da51011-8741-4cb3-835a-5b1de9797755}</UniqueIdentifier>
    </Filter>
    <Filter Include="Headers\math">
      <UniqueIdentifier>{4b2f5e80-b61e-4ea8-9a59-d96771ed3a6e}</UniqueIdentifier>
    </Filter>
  </ItemGroup>
  <ItemGroup>
    <QtRcc Include="mainwindow.qrc">
      <Filter>Resources</Filter>
    </QtRcc>
    <QtUic Include="mainwindow.ui">
      <Filter>Forms</Filter>
    </QtUic>
    <QtMoc Include="mainwindow.h">
      <Filter>Headers</Filter>
    </QtMoc>
    <ClCompile Include="mainwindow.cpp">
      <Filter>Sources</Filter>
    </ClCompile>
  </ItemGroup>
  <ItemGroup>
    <ClCompile Include="main.cpp">
      <Filter>Sources</Filter>
    </ClCompile>
    <ClCompile Include="Vec2.cpp">
      <Filter>Sources\math</Filter>
    </ClCompile>
    <ClCompile Include="Vec3.cpp">
      <Filter>Sources\math</Filter>
    </ClCompile>
    <ClCompile Include="Vec4.cpp">
      <Filter>Sources\math</Filter>
    </ClCompile>
    <ClCompile Include="Matrix.cpp">
      <Filter>Sources\math</Filter>
    </ClCompile>
    <ClCompile Include="FrameBuffer.cpp">
      <Filter>Sources</Filter>
    </ClCompile>
    <ClCompile Include="Mesh.cpp">
      <Filter>Sources</Filter>
    </ClCompile>
    <ClCompile Include="BasicShader.cpp">
      <Filter>Sources</Filter>
    </ClCompile>
    <ClCompile Include="Pipeline.cpp">
      <Filter>Sources</Filter>
    </ClCompile>
    <ClCompile Include="RenderRoute.cpp">
      <Filter>Sources</Filter>
    </ClCompile>
    <ClCompile Include="MainCamera.cpp">
      <Filter>Sources</Filter>
    </ClCompile>
    <ClCompile Include="Texture.cpp">
      <Filter>Sources</Filter>
    </ClCompile>
    <ClCompile Include="DepthBuffer.cpp">
      <Filter>Sources</Filter>
    </ClCompile>
  </ItemGroup>
  <ItemGroup>
    <ClInclude Include="Vec2.h">
      <Filter>Headers\math</Filter>
    </ClInclude>
    <ClInclude Include="Vec3.h">
      <Filter>Headers\math</Filter>
    </ClInclude>
    <ClInclude Include="Vec4.h">
      <Filter>Headers\math</Filter>
    </ClInclude>
    <ClInclude Include="Matrix.h">
      <Filter>Headers\math</Filter>
    </ClInclude>
    <ClInclude Include="FrameBuffer.h">
      <Filter>Headers</Filter>
    </ClInclude>
    <ClInclude Include="Vertex.h">
      <Filter>Headers</Filter>
    </ClInclude>
    <ClInclude Include="VertexOut.h">
      <Filter>Headers</Filter>
    </ClInclude>
    <ClInclude Include="Mesh.h">
      <Filter>Headers</Filter>
    </ClInclude>
    <ClInclude Include="Shader.h">
      <Filter>Headers</Filter>
    </ClInclude>
    <ClInclude Include="BasicShader.h">
      <Filter>Headers</Filter>
    </ClInclude>
    <ClInclude Include="Pipeline.h">
      <Filter>Headers</Filter>
    </ClInclude>
    <ClInclude Include="MainCamera.h">
      <Filter>Headers</Filter>
    </ClInclude>
    <ClInclude Include="Texture.h">
      <Filter>Headers</Filter>
    </ClInclude>
    <ClInclude Include="DepthBuffer.h">
      <Filter>Headers</Filter>
    </ClInclude>
  </ItemGroup>
  <ItemGroup>
    <QtMoc Include="RenderRoute.h">
      <Filter>Headers</Filter>
    </QtMoc>
  </ItemGroup>
</Project>